
Microsoft Visual Studio Solution File, Format Version 12.00
# Visual Studio Version 17
VisualStudioVersion = 17.9.34616.47
MinimumVisualStudioVersion = 10.0.40219.1
Project("{FAE04EC0-301F-11D3-BF4B-00C04F79EFBC}") = "Csgo2HaCk", "Csgo2HaCk\Csgo2HaCk.csproj", "{C60C91F9-7F70-4771-B27A-03886E9D3C8C}"
EndProject
Global
	GlobalSection(SolutionConfigurationPlatforms) = preSolution
		Debug|Any CPU = Debug|Any CPU
		Release|Any CPU = Release|Any CPU
	EndGlobalSection
	GlobalSection(ProjectConfigurationPlatforms) = postSolution
		{C60C91F9-7F70-4771-B27A-03886E9D3C8C}.Debug|Any CPU.ActiveCfg = Debug|Any CPU
		{C60C91F9-7F70-4771-B27A-03886E9D3C8C}.Debug|Any CPU.Build.0 = Debug|Any CPU
		{C60C91F9-7F70-4771-B27A-03886E9D3C8C}.Release|Any CPU.ActiveCfg = Release|Any CPU
		{C60C91F9-7F70-4771-B27A-03886E9D3C8C}.Release|Any CPU.Build.0 = Release|Any CPU
	EndGlobalSection
	GlobalSection(SolutionProperties) = preSolution
		HideSolutionNode = FALSE
	EndGlobalSection
	GlobalSection(ExtensibilityGlobals) = postSolution
		SolutionGuid = {1D74BDB5-6AE0-42E7-B52C-D8B33A393B34}
	EndGlobalSection
EndGlobal
